// !$*UTF8*$!
{
	archiveVersion = 1;
	classes = {
	};
	objectVersion = 51;
	objects = {

/* Begin PBXBuildFile section */
		160E02B424815459002F48C5 /* WeatherCodingKeys.swift in Sources */ = {isa = PBXBuildFile; fileRef = 160E02B324815459002F48C5 /* WeatherCodingKeys.swift */; };
		160E02B624815486002F48C5 /* Temperature.swift in Sources */ = {isa = PBXBuildFile; fileRef = 160E02B524815486002F48C5 /* Temperature.swift */; };
		160E02B8248154CC002F48C5 /* WeatherMainContainerGetting.swift in Sources */ = {isa = PBXBuildFile; fileRef = 160E02B7248154CC002F48C5 /* WeatherMainContainerGetting.swift */; };
		160E02BA2481559F002F48C5 /* WeatherSpecification.swift in Sources */ = {isa = PBXBuildFile; fileRef = 160E02B92481559F002F48C5 /* WeatherSpecification.swift */; };
		160ED2C72482293B001A9875 /* Cities.swift in Sources */ = {isa = PBXBuildFile; fileRef = 160ED2C62482293B001A9875 /* Cities.swift */; };
		1614653D248274F000180EE6 /* TemperatureView.swift in Sources */ = {isa = PBXBuildFile; fileRef = 1614653C248274F000180EE6 /* TemperatureView.swift */; };
		1614653F24827C4100180EE6 /* WeatherView.swift in Sources */ = {isa = PBXBuildFile; fileRef = 1614653E24827C4100180EE6 /* WeatherView.swift */; };
		161B19AD24815C13005DDE51 /* CacheStatus.swift in Sources */ = {isa = PBXBuildFile; fileRef = 161B19AC24815C13005DDE51 /* CacheStatus.swift */; };
		161B19AF248166F9005DDE51 /* Cache.swift in Sources */ = {isa = PBXBuildFile; fileRef = 161B19AE248166F9005DDE51 /* Cache.swift */; };
		1643CC1A24817069008D969C /* CityListView.swift in Sources */ = {isa = PBXBuildFile; fileRef = 1643CC1924817069008D969C /* CityListView.swift */; };
		16595E41248171040019517A /* CustomView.swift in Sources */ = {isa = PBXBuildFile; fileRef = 16595E40248171040019517A /* CustomView.swift */; };
		16595E432481712E0019517A /* CustomViewController.swift in Sources */ = {isa = PBXBuildFile; fileRef = 16595E422481712E0019517A /* CustomViewController.swift */; };
		16595E45248171930019517A /* CustomViewContaining.swift in Sources */ = {isa = PBXBuildFile; fileRef = 16595E44248171930019517A /* CustomViewContaining.swift */; };
		16595E48248172220019517A /* CellReusing.swift in Sources */ = {isa = PBXBuildFile; fileRef = 16595E47248172220019517A /* CellReusing.swift */; };
		16595E4A248172B50019517A /* WithModelConfiguring.swift in Sources */ = {isa = PBXBuildFile; fileRef = 16595E49248172B50019517A /* WithModelConfiguring.swift */; };
		16595E4D248173D60019517A /* CityListViewController.swift in Sources */ = {isa = PBXBuildFile; fileRef = 16595E4C248173D60019517A /* CityListViewController.swift */; };
		16595E4F2481740A0019517A /* CityListViewModel.swift in Sources */ = {isa = PBXBuildFile; fileRef = 16595E4E2481740A0019517A /* CityListViewModel.swift */; };
		16595E512481766F0019517A /* City.swift in Sources */ = {isa = PBXBuildFile; fileRef = 16595E502481766F0019517A /* City.swift */; };
		16595E53248176DF0019517A /* CityViewModel.swift in Sources */ = {isa = PBXBuildFile; fileRef = 16595E52248176DF0019517A /* CityViewModel.swift */; };
		16595E582481785F0019517A /* UITableViewCellRegisteringAndDequeuing.swift in Sources */ = {isa = PBXBuildFile; fileRef = 16595E572481785F0019517A /* UITableViewCellRegisteringAndDequeuing.swift */; };
		16595E5A24817A000019517A /* CityCell.swift in Sources */ = {isa = PBXBuildFile; fileRef = 16595E5924817A000019517A /* CityCell.swift */; };
		16652D5D2482520D00583E15 /* UnitViewModel.swift in Sources */ = {isa = PBXBuildFile; fileRef = 16652D5C2482520D00583E15 /* UnitViewModel.swift */; };
		16652D5F2482539400583E15 /* RepositoryMock.swift in Sources */ = {isa = PBXBuildFile; fileRef = 16652D5E2482539400583E15 /* RepositoryMock.swift */; };
		16652D61248254A000583E15 /* UnitViewModelTests.swift in Sources */ = {isa = PBXBuildFile; fileRef = 16652D60248254A000583E15 /* UnitViewModelTests.swift */; };
		168C5F0224828F8500324764 /* WeatherRepositories.swift in Sources */ = {isa = PBXBuildFile; fileRef = 168C5F0124828F8500324764 /* WeatherRepositories.swift */; };
		168C5F0424828FC300324764 /* WeatherViewModel.swift in Sources */ = {isa = PBXBuildFile; fileRef = 168C5F0324828FC300324764 /* WeatherViewModel.swift */; };
		168C5F072482901500324764 /* WeatherViewController.swift in Sources */ = {isa = PBXBuildFile; fileRef = 168C5F062482901500324764 /* WeatherViewController.swift */; };
		168C5F092482906900324764 /* Repositories.swift in Sources */ = {isa = PBXBuildFile; fileRef = 168C5F082482906900324764 /* Repositories.swift */; };
		168C5F0B248290BE00324764 /* CityListRepositories.swift in Sources */ = {isa = PBXBuildFile; fileRef = 168C5F0A248290BE00324764 /* CityListRepositories.swift */; };
		168C5F0E2482913200324764 /* MaxMinTemperatureViewModel.swift in Sources */ = {isa = PBXBuildFile; fileRef = 168C5F0D2482913200324764 /* MaxMinTemperatureViewModel.swift */; };
		168C5F102482916000324764 /* MaxMinTemperatureView.swift in Sources */ = {isa = PBXBuildFile; fileRef = 168C5F0F2482916000324764 /* MaxMinTemperatureView.swift */; };
		168C5F122482919900324764 /* TemperatureViewModel.swift in Sources */ = {isa = PBXBuildFile; fileRef = 168C5F112482919900324764 /* TemperatureViewModel.swift */; };
		16932B812482328B001FED95 /* CheckWeather.xcdatamodeld in Sources */ = {isa = PBXBuildFile; fileRef = 16932B7F2482328B001FED95 /* CheckWeather.xcdatamodeld */; };
		16CD2D83248037CE00FD623A /* AppDelegate.swift in Sources */ = {isa = PBXBuildFile; fileRef = 16CD2D82248037CE00FD623A /* AppDelegate.swift */; };
		16CD2D8C248037D000FD623A /* Assets.xcassets in Resources */ = {isa = PBXBuildFile; fileRef = 16CD2D8B248037D000FD623A /* Assets.xcassets */; };
		16CD2D8F248037D000FD623A /* LaunchScreen.storyboard in Resources */ = {isa = PBXBuildFile; fileRef = 16CD2D8D248037D000FD623A /* LaunchScreen.storyboard */; };
		16D91F772480CC5900E66D15 /* APIRoute.swift in Sources */ = {isa = PBXBuildFile; fileRef = 16D91F762480CC5900E66D15 /* APIRoute.swift */; };
		16D91F7A2480D01400E66D15 /* Repository.swift in Sources */ = {isa = PBXBuildFile; fileRef = 16D91F792480D01400E66D15 /* Repository.swift */; };
		16D91F7C2480D1B900E66D15 /* Unit.swift in Sources */ = {isa = PBXBuildFile; fileRef = 16D91F7B2480D1B900E66D15 /* Unit.swift */; };
		16D91F7F2480D39B00E66D15 /* Specification.swift in Sources */ = {isa = PBXBuildFile; fileRef = 16D91F7E2480D39B00E66D15 /* Specification.swift */; };
		16D91F812480D42E00E66D15 /* AnyRepository.swift in Sources */ = {isa = PBXBuildFile; fileRef = 16D91F802480D42E00E66D15 /* AnyRepository.swift */; };
		16D91F832480D4D500E66D15 /* NetworkRepository.swift in Sources */ = {isa = PBXBuildFile; fileRef = 16D91F822480D4D500E66D15 /* NetworkRepository.swift */; };
		16D91F852480D55800E66D15 /* NetworkSpecification.swift in Sources */ = {isa = PBXBuildFile; fileRef = 16D91F842480D55800E66D15 /* NetworkSpecification.swift */; };
		16D91F872480D61E00E66D15 /* RepositoryError.swift in Sources */ = {isa = PBXBuildFile; fileRef = 16D91F862480D61E00E66D15 /* RepositoryError.swift */; };
		16D91F892480D7CF00E66D15 /* Weather.swift in Sources */ = {isa = PBXBuildFile; fileRef = 16D91F882480D7CF00E66D15 /* Weather.swift */; };
		16F529BF248246DB00E79FCA /* UnitCoreDataRepository.swift in Sources */ = {isa = PBXBuildFile; fileRef = 16F529BE248246DB00E79FCA /* UnitCoreDataRepository.swift */; };
		16F529C1248248EE00E79FCA /* UnitSpecification.swift in Sources */ = {isa = PBXBuildFile; fileRef = 16F529C0248248EE00E79FCA /* UnitSpecification.swift */; };
		2CA92573B58C0229501A23BE /* Pods_CheckWeatherTests.framework in Frameworks */ = {isa = PBXBuildFile; fileRef = 4397547B6376820F4A8A9499 /* Pods_CheckWeatherTests.framework */; };
		CB2473C48DFB4C7C6905EA10 /* Pods_CheckWeather.framework in Frameworks */ = {isa = PBXBuildFile; fileRef = 2DD0E33579FFB316950FD4FE /* Pods_CheckWeather.framework */; };
/* End PBXBuildFile section */

/* Begin PBXContainerItemProxy section */
		16CD2D96248037D000FD623A /* PBXContainerItemProxy */ = {
			isa = PBXContainerItemProxy;
			containerPortal = 16CD2D77248037CE00FD623A /* Project object */;
			proxyType = 1;
			remoteGlobalIDString = 16CD2D7E248037CE00FD623A;
			remoteInfo = CheckWeather;
		};
/* End PBXContainerItemProxy section */

/* Begin PBXFileReference section */
		160E02B324815459002F48C5 /* WeatherCodingKeys.swift */ = {isa = PBXFileReference; lastKnownFileType = sourcecode.swift; path = WeatherCodingKeys.swift; sourceTree = "<group>"; };
		160E02B524815486002F48C5 /* Temperature.swift */ = {isa = PBXFileReference; lastKnownFileType = sourcecode.swift; path = Temperature.swift; sourceTree = "<group>"; };
		160E02B7248154CC002F48C5 /* WeatherMainContainerGetting.swift */ = {isa = PBXFileReference; lastKnownFileType = sourcecode.swift; path = WeatherMainContainerGetting.swift; sourceTree = "<group>"; };
		160E02B92481559F002F48C5 /* WeatherSpecification.swift */ = {isa = PBXFileReference; lastKnownFileType = sourcecode.swift; name = WeatherSpecification.swift; path = ../DataAccess/Specifications/WeatherSpecification.swift; sourceTree = "<group>"; };
		160ED2C62482293B001A9875 /* Cities.swift */ = {isa = PBXFileReference; lastKnownFileType = sourcecode.swift; path = Cities.swift; sourceTree = "<group>"; };
		1614653C248274F000180EE6 /* TemperatureView.swift */ = {isa = PBXFileReference; lastKnownFileType = sourcecode.swift; path = TemperatureView.swift; sourceTree = "<group>"; };
		1614653E24827C4100180EE6 /* WeatherView.swift */ = {isa = PBXFileReference; lastKnownFileType = sourcecode.swift; path = WeatherView.swift; sourceTree = "<group>"; };
		161B19AC24815C13005DDE51 /* CacheStatus.swift */ = {isa = PBXFileReference; lastKnownFileType = sourcecode.swift; path = CacheStatus.swift; sourceTree = "<group>"; };
		161B19AE248166F9005DDE51 /* Cache.swift */ = {isa = PBXFileReference; lastKnownFileType = sourcecode.swift; path = Cache.swift; sourceTree = "<group>"; };
		1643CC1924817069008D969C /* CityListView.swift */ = {isa = PBXFileReference; lastKnownFileType = sourcecode.swift; path = CityListView.swift; sourceTree = "<group>"; };
		16595E40248171040019517A /* CustomView.swift */ = {isa = PBXFileReference; lastKnownFileType = sourcecode.swift; path = CustomView.swift; sourceTree = "<group>"; };
		16595E422481712E0019517A /* CustomViewController.swift */ = {isa = PBXFileReference; lastKnownFileType = sourcecode.swift; path = CustomViewController.swift; sourceTree = "<group>"; };
		16595E44248171930019517A /* CustomViewContaining.swift */ = {isa = PBXFileReference; lastKnownFileType = sourcecode.swift; path = CustomViewContaining.swift; sourceTree = "<group>"; };
		16595E47248172220019517A /* CellReusing.swift */ = {isa = PBXFileReference; lastKnownFileType = sourcecode.swift; path = CellReusing.swift; sourceTree = "<group>"; };
		16595E49248172B50019517A /* WithModelConfiguring.swift */ = {isa = PBXFileReference; lastKnownFileType = sourcecode.swift; path = WithModelConfiguring.swift; sourceTree = "<group>"; };
		16595E4C248173D60019517A /* CityListViewController.swift */ = {isa = PBXFileReference; lastKnownFileType = sourcecode.swift; path = CityListViewController.swift; sourceTree = "<group>"; };
		16595E4E2481740A0019517A /* CityListViewModel.swift */ = {isa = PBXFileReference; lastKnownFileType = sourcecode.swift; path = CityListViewModel.swift; sourceTree = "<group>"; };
		16595E502481766F0019517A /* City.swift */ = {isa = PBXFileReference; lastKnownFileType = sourcecode.swift; path = City.swift; sourceTree = "<group>"; };
		16595E52248176DF0019517A /* CityViewModel.swift */ = {isa = PBXFileReference; lastKnownFileType = sourcecode.swift; path = CityViewModel.swift; sourceTree = "<group>"; };
		16595E572481785F0019517A /* UITableViewCellRegisteringAndDequeuing.swift */ = {isa = PBXFileReference; lastKnownFileType = sourcecode.swift; path = UITableViewCellRegisteringAndDequeuing.swift; sourceTree = "<group>"; };
		16595E5924817A000019517A /* CityCell.swift */ = {isa = PBXFileReference; lastKnownFileType = sourcecode.swift; path = CityCell.swift; sourceTree = "<group>"; };
		16652D5C2482520D00583E15 /* UnitViewModel.swift */ = {isa = PBXFileReference; lastKnownFileType = sourcecode.swift; path = UnitViewModel.swift; sourceTree = "<group>"; };
		16652D5E2482539400583E15 /* RepositoryMock.swift */ = {isa = PBXFileReference; lastKnownFileType = sourcecode.swift; path = RepositoryMock.swift; sourceTree = "<group>"; };
		16652D60248254A000583E15 /* UnitViewModelTests.swift */ = {isa = PBXFileReference; lastKnownFileType = sourcecode.swift; path = UnitViewModelTests.swift; sourceTree = "<group>"; };
		168C5F0124828F8500324764 /* WeatherRepositories.swift */ = {isa = PBXFileReference; lastKnownFileType = sourcecode.swift; path = WeatherRepositories.swift; sourceTree = "<group>"; };
		168C5F0324828FC300324764 /* WeatherViewModel.swift */ = {isa = PBXFileReference; lastKnownFileType = sourcecode.swift; path = WeatherViewModel.swift; sourceTree = "<group>"; };
		168C5F062482901500324764 /* WeatherViewController.swift */ = {isa = PBXFileReference; lastKnownFileType = sourcecode.swift; path = WeatherViewController.swift; sourceTree = "<group>"; };
		168C5F082482906900324764 /* Repositories.swift */ = {isa = PBXFileReference; lastKnownFileType = sourcecode.swift; path = Repositories.swift; sourceTree = "<group>"; };
		168C5F0A248290BE00324764 /* CityListRepositories.swift */ = {isa = PBXFileReference; lastKnownFileType = sourcecode.swift; path = CityListRepositories.swift; sourceTree = "<group>"; };
		168C5F0D2482913200324764 /* MaxMinTemperatureViewModel.swift */ = {isa = PBXFileReference; lastKnownFileType = sourcecode.swift; path = MaxMinTemperatureViewModel.swift; sourceTree = "<group>"; };
		168C5F0F2482916000324764 /* MaxMinTemperatureView.swift */ = {isa = PBXFileReference; lastKnownFileType = sourcecode.swift; path = MaxMinTemperatureView.swift; sourceTree = "<group>"; };
		168C5F112482919900324764 /* TemperatureViewModel.swift */ = {isa = PBXFileReference; lastKnownFileType = sourcecode.swift; path = TemperatureViewModel.swift; sourceTree = "<group>"; };
		16932B802482328B001FED95 /* CheckWeather.xcdatamodel */ = {isa = PBXFileReference; lastKnownFileType = wrapper.xcdatamodel; path = CheckWeather.xcdatamodel; sourceTree = "<group>"; };
		16CD2D7F248037CE00FD623A /* CheckWeather.app */ = {isa = PBXFileReference; explicitFileType = wrapper.application; includeInIndex = 0; path = CheckWeather.app; sourceTree = BUILT_PRODUCTS_DIR; };
		16CD2D82248037CE00FD623A /* AppDelegate.swift */ = {isa = PBXFileReference; lastKnownFileType = sourcecode.swift; path = AppDelegate.swift; sourceTree = "<group>"; };
		16CD2D8B248037D000FD623A /* Assets.xcassets */ = {isa = PBXFileReference; lastKnownFileType = folder.assetcatalog; path = Assets.xcassets; sourceTree = "<group>"; };
		16CD2D8E248037D000FD623A /* Base */ = {isa = PBXFileReference; lastKnownFileType = file.storyboard; name = Base; path = Base.lproj/LaunchScreen.storyboard; sourceTree = "<group>"; };
		16CD2D90248037D000FD623A /* Info.plist */ = {isa = PBXFileReference; lastKnownFileType = text.plist.xml; path = Info.plist; sourceTree = "<group>"; };
		16CD2D95248037D000FD623A /* CheckWeatherTests.xctest */ = {isa = PBXFileReference; explicitFileType = wrapper.cfbundle; includeInIndex = 0; path = CheckWeatherTests.xctest; sourceTree = BUILT_PRODUCTS_DIR; };
		16CD2D9B248037D000FD623A /* Info.plist */ = {isa = PBXFileReference; lastKnownFileType = text.plist.xml; path = Info.plist; sourceTree = "<group>"; };
		16D91F762480CC5900E66D15 /* APIRoute.swift */ = {isa = PBXFileReference; lastKnownFileType = sourcecode.swift; path = APIRoute.swift; sourceTree = "<group>"; };
		16D91F792480D01400E66D15 /* Repository.swift */ = {isa = PBXFileReference; lastKnownFileType = sourcecode.swift; path = Repository.swift; sourceTree = "<group>"; };
		16D91F7B2480D1B900E66D15 /* Unit.swift */ = {isa = PBXFileReference; lastKnownFileType = sourcecode.swift; path = Unit.swift; sourceTree = "<group>"; };
		16D91F7E2480D39B00E66D15 /* Specification.swift */ = {isa = PBXFileReference; lastKnownFileType = sourcecode.swift; path = Specification.swift; sourceTree = "<group>"; };
		16D91F802480D42E00E66D15 /* AnyRepository.swift */ = {isa = PBXFileReference; lastKnownFileType = sourcecode.swift; path = AnyRepository.swift; sourceTree = "<group>"; };
		16D91F822480D4D500E66D15 /* NetworkRepository.swift */ = {isa = PBXFileReference; lastKnownFileType = sourcecode.swift; path = NetworkRepository.swift; sourceTree = "<group>"; };
		16D91F842480D55800E66D15 /* NetworkSpecification.swift */ = {isa = PBXFileReference; lastKnownFileType = sourcecode.swift; path = NetworkSpecification.swift; sourceTree = "<group>"; };
		16D91F862480D61E00E66D15 /* RepositoryError.swift */ = {isa = PBXFileReference; lastKnownFileType = sourcecode.swift; path = RepositoryError.swift; sourceTree = "<group>"; };
		16D91F882480D7CF00E66D15 /* Weather.swift */ = {isa = PBXFileReference; lastKnownFileType = sourcecode.swift; path = Weather.swift; sourceTree = "<group>"; };
		16F529BE248246DB00E79FCA /* UnitCoreDataRepository.swift */ = {isa = PBXFileReference; lastKnownFileType = sourcecode.swift; path = UnitCoreDataRepository.swift; sourceTree = "<group>"; };
		16F529C0248248EE00E79FCA /* UnitSpecification.swift */ = {isa = PBXFileReference; lastKnownFileType = sourcecode.swift; path = UnitSpecification.swift; sourceTree = "<group>"; };
		2DD0E33579FFB316950FD4FE /* Pods_CheckWeather.framework */ = {isa = PBXFileReference; explicitFileType = wrapper.framework; includeInIndex = 0; path = Pods_CheckWeather.framework; sourceTree = BUILT_PRODUCTS_DIR; };
		4397547B6376820F4A8A9499 /* Pods_CheckWeatherTests.framework */ = {isa = PBXFileReference; explicitFileType = wrapper.framework; includeInIndex = 0; path = Pods_CheckWeatherTests.framework; sourceTree = BUILT_PRODUCTS_DIR; };
		94B18737D429A53D733FE1D0 /* Pods-CheckWeatherTests.release.xcconfig */ = {isa = PBXFileReference; includeInIndex = 1; lastKnownFileType = text.xcconfig; name = "Pods-CheckWeatherTests.release.xcconfig"; path = "Target Support Files/Pods-CheckWeatherTests/Pods-CheckWeatherTests.release.xcconfig"; sourceTree = "<group>"; };
		BD9F761C0E78AD7227FAF9DE /* Pods-CheckWeather.release.xcconfig */ = {isa = PBXFileReference; includeInIndex = 1; lastKnownFileType = text.xcconfig; name = "Pods-CheckWeather.release.xcconfig"; path = "Target Support Files/Pods-CheckWeather/Pods-CheckWeather.release.xcconfig"; sourceTree = "<group>"; };
		C963FB6132C18558552AE4FA /* Pods-CheckWeatherTests.debug.xcconfig */ = {isa = PBXFileReference; includeInIndex = 1; lastKnownFileType = text.xcconfig; name = "Pods-CheckWeatherTests.debug.xcconfig"; path = "Target Support Files/Pods-CheckWeatherTests/Pods-CheckWeatherTests.debug.xcconfig"; sourceTree = "<group>"; };
		EB7C31D477EEAB960F862858 /* Pods-CheckWeather.debug.xcconfig */ = {isa = PBXFileReference; includeInIndex = 1; lastKnownFileType = text.xcconfig; name = "Pods-CheckWeather.debug.xcconfig"; path = "Target Support Files/Pods-CheckWeather/Pods-CheckWeather.debug.xcconfig"; sourceTree = "<group>"; };
/* End PBXFileReference section */

/* Begin PBXFrameworksBuildPhase section */
		16CD2D7C248037CE00FD623A /* Frameworks */ = {
			isa = PBXFrameworksBuildPhase;
			buildActionMask = 2147483647;
			files = (
				CB2473C48DFB4C7C6905EA10 /* Pods_CheckWeather.framework in Frameworks */,
			);
			runOnlyForDeploymentPostprocessing = 0;
		};
		16CD2D92248037D000FD623A /* Frameworks */ = {
			isa = PBXFrameworksBuildPhase;
			buildActionMask = 2147483647;
			files = (
				2CA92573B58C0229501A23BE /* Pods_CheckWeatherTests.framework in Frameworks */,
			);
			runOnlyForDeploymentPostprocessing = 0;
		};
/* End PBXFrameworksBuildPhase section */

/* Begin PBXGroup section */
		160E02B224815444002F48C5 /* Weather */ = {
			isa = PBXGroup;
			children = (
				168C5F0124828F8500324764 /* WeatherRepositories.swift */,
				160E02B92481559F002F48C5 /* WeatherSpecification.swift */,
				16D91F882480D7CF00E66D15 /* Weather.swift */,
				160E02B324815459002F48C5 /* WeatherCodingKeys.swift */,
				168C5F052482900000324764 /* View */,
				168C5F0324828FC300324764 /* WeatherViewModel.swift */,
				160E02B7248154CC002F48C5 /* WeatherMainContainerGetting.swift */,
			);
			path = Weather;
			sourceTree = "<group>";
		};
		1614653B248274AD00180EE6 /* Temperature */ = {
			isa = PBXGroup;
			children = (
				160E02B524815486002F48C5 /* Temperature.swift */,
				1614653C248274F000180EE6 /* TemperatureView.swift */,
				168C5F112482919900324764 /* TemperatureViewModel.swift */,
				168C5F0C2482911200324764 /* MaxMin */,
			);
			path = Temperature;
			sourceTree = "<group>";
		};
		161B19B0248166FE005DDE51 /* Cache */ = {
			isa = PBXGroup;
			children = (
				161B19AE248166F9005DDE51 /* Cache.swift */,
				161B19AC24815C13005DDE51 /* CacheStatus.swift */,
			);
			path = Cache;
			sourceTree = "<group>";
		};
		1643CC182481702E008D969C /* CityList */ = {
			isa = PBXGroup;
			children = (
				168C5F0A248290BE00324764 /* CityListRepositories.swift */,
				160ED2C62482293B001A9875 /* Cities.swift */,
				16595E4B248173C60019517A /* View */,
				16595E4E2481740A0019517A /* CityListViewModel.swift */,
				16595E54248176E60019517A /* Item */,
			);
			path = CityList;
			sourceTree = "<group>";
		};
		16595E3F248170E20019517A /* CustomView */ = {
			isa = PBXGroup;
			children = (
				16595E40248171040019517A /* CustomView.swift */,
				16595E422481712E0019517A /* CustomViewController.swift */,
				16595E44248171930019517A /* CustomViewContaining.swift */,
			);
			path = CustomView;
			sourceTree = "<group>";
		};
		16595E46248171F80019517A /* Utilities */ = {
			isa = PBXGroup;
			children = (
				16595E47248172220019517A /* CellReusing.swift */,
				16595E49248172B50019517A /* WithModelConfiguring.swift */,
			);
			path = Utilities;
			sourceTree = "<group>";
		};
		16595E4B248173C60019517A /* View */ = {
			isa = PBXGroup;
			children = (
				1643CC1924817069008D969C /* CityListView.swift */,
				16595E4C248173D60019517A /* CityListViewController.swift */,
			);
			path = View;
			sourceTree = "<group>";
		};
		16595E54248176E60019517A /* Item */ = {
			isa = PBXGroup;
			children = (
				16595E502481766F0019517A /* City.swift */,
				16595E5924817A000019517A /* CityCell.swift */,
				16595E52248176DF0019517A /* CityViewModel.swift */,
			);
			path = Item;
			sourceTree = "<group>";
		};
		16595E562481783E0019517A /* UserInterface */ = {
			isa = PBXGroup;
			children = (
				16595E3F248170E20019517A /* CustomView */,
				16595E572481785F0019517A /* UITableViewCellRegisteringAndDequeuing.swift */,
			);
			path = UserInterface;
			sourceTree = "<group>";
		};
		168C5F052482900000324764 /* View */ = {
			isa = PBXGroup;
			children = (
				1614653E24827C4100180EE6 /* WeatherView.swift */,
				168C5F062482901500324764 /* WeatherViewController.swift */,
			);
			path = View;
			sourceTree = "<group>";
		};
		168C5F0C2482911200324764 /* MaxMin */ = {
			isa = PBXGroup;
			children = (
				168C5F0F2482916000324764 /* MaxMinTemperatureView.swift */,
				168C5F0D2482913200324764 /* MaxMinTemperatureViewModel.swift */,
			);
			path = MaxMin;
			sourceTree = "<group>";
		};
		16CD2D76248037CE00FD623A = {
			isa = PBXGroup;
			children = (
				16CD2D81248037CE00FD623A /* CheckWeather */,
				16CD2D98248037D000FD623A /* CheckWeatherTests */,
				16CD2D80248037CE00FD623A /* Products */,
				9B4C817D5A5AA6DFB0DE3075 /* Pods */,
				9EC7B32F8DE70B24F79A40A1 /* Frameworks */,
			);
			sourceTree = "<group>";
		};
		16CD2D80248037CE00FD623A /* Products */ = {
			isa = PBXGroup;
			children = (
				16CD2D7F248037CE00FD623A /* CheckWeather.app */,
				16CD2D95248037D000FD623A /* CheckWeatherTests.xctest */,
			);
			name = Products;
			sourceTree = "<group>";
		};
		16CD2D81248037CE00FD623A /* CheckWeather */ = {
			isa = PBXGroup;
			children = (
				16CD2D82248037CE00FD623A /* AppDelegate.swift */,
				16D91F752480CB1A00E66D15 /* DataAccess */,
				1643CC182481702E008D969C /* CityList */,
				1614653B248274AD00180EE6 /* Temperature */,
				16F529BD248246B700E79FCA /* Unit */,
				160E02B224815444002F48C5 /* Weather */,
				16595E562481783E0019517A /* UserInterface */,
				16595E46248171F80019517A /* Utilities */,
				16CD2D8B248037D000FD623A /* Assets.xcassets */,
				16CD2D8D248037D000FD623A /* LaunchScreen.storyboard */,
				16CD2D90248037D000FD623A /* Info.plist */,
				16932B7F2482328B001FED95 /* CheckWeather.xcdatamodeld */,
			);
			path = CheckWeather;
			sourceTree = "<group>";
		};
		16CD2D98248037D000FD623A /* CheckWeatherTests */ = {
			isa = PBXGroup;
			children = (
				16652D60248254A000583E15 /* UnitViewModelTests.swift */,
				16652D5E2482539400583E15 /* RepositoryMock.swift */,
				16CD2D9B248037D000FD623A /* Info.plist */,
			);
			path = CheckWeatherTests;
			sourceTree = "<group>";
		};
		16D91F752480CB1A00E66D15 /* DataAccess */ = {
			isa = PBXGroup;
			children = (
				16D91F762480CC5900E66D15 /* APIRoute.swift */,
				161B19B0248166FE005DDE51 /* Cache */,
				16D91F782480CFF500E66D15 /* Repositories */,
				16D91F7D2480D38700E66D15 /* Specifications */,
			);
			path = DataAccess;
			sourceTree = "<group>";
		};
		16D91F782480CFF500E66D15 /* Repositories */ = {
			isa = PBXGroup;
			children = (
				168C5F082482906900324764 /* Repositories.swift */,
				16D91F802480D42E00E66D15 /* AnyRepository.swift */,
				16D91F822480D4D500E66D15 /* NetworkRepository.swift */,
				16D91F792480D01400E66D15 /* Repository.swift */,
				16D91F862480D61E00E66D15 /* RepositoryError.swift */,
			);
			path = Repositories;
			sourceTree = "<group>";
		};
		16D91F7D2480D38700E66D15 /* Specifications */ = {
			isa = PBXGroup;
			children = (
				16D91F842480D55800E66D15 /* NetworkSpecification.swift */,
				16D91F7E2480D39B00E66D15 /* Specification.swift */,
			);
			path = Specifications;
			sourceTree = "<group>";
		};
		16F529BD248246B700E79FCA /* Unit */ = {
			isa = PBXGroup;
			children = (
				16F529BE248246DB00E79FCA /* UnitCoreDataRepository.swift */,
				16F529C0248248EE00E79FCA /* UnitSpecification.swift */,
				16D91F7B2480D1B900E66D15 /* Unit.swift */,
				16652D5C2482520D00583E15 /* UnitViewModel.swift */,
			);
			path = Unit;
			sourceTree = "<group>";
		};
		9B4C817D5A5AA6DFB0DE3075 /* Pods */ = {
			isa = PBXGroup;
			children = (
				EB7C31D477EEAB960F862858 /* Pods-CheckWeather.debug.xcconfig */,
				BD9F761C0E78AD7227FAF9DE /* Pods-CheckWeather.release.xcconfig */,
				C963FB6132C18558552AE4FA /* Pods-CheckWeatherTests.debug.xcconfig */,
				94B18737D429A53D733FE1D0 /* Pods-CheckWeatherTests.release.xcconfig */,
			);
			path = Pods;
			sourceTree = "<group>";
		};
		9EC7B32F8DE70B24F79A40A1 /* Frameworks */ = {
			isa = PBXGroup;
			children = (
				2DD0E33579FFB316950FD4FE /* Pods_CheckWeather.framework */,
				4397547B6376820F4A8A9499 /* Pods_CheckWeatherTests.framework */,
			);
			name = Frameworks;
			sourceTree = "<group>";
		};
/* End PBXGroup section */

/* Begin PBXNativeTarget section */
		16CD2D7E248037CE00FD623A /* CheckWeather */ = {
			isa = PBXNativeTarget;
			buildConfigurationList = 16CD2D9E248037D000FD623A /* Build configuration list for PBXNativeTarget "CheckWeather" */;
			buildPhases = (
				0DEE25CEA487BE2B571D0B71 /* [CP] Check Pods Manifest.lock */,
				16CD2D7B248037CE00FD623A /* Sources */,
				16CD2D7C248037CE00FD623A /* Frameworks */,
				16CD2D7D248037CE00FD623A /* Resources */,
				33B6D69978DA19962F374369 /* [CP] Embed Pods Frameworks */,
			);
			buildRules = (
			);
			dependencies = (
			);
			name = CheckWeather;
			productName = CheckWeather;
			productReference = 16CD2D7F248037CE00FD623A /* CheckWeather.app */;
			productType = "com.apple.product-type.application";
		};
		16CD2D94248037D000FD623A /* CheckWeatherTests */ = {
			isa = PBXNativeTarget;
			buildConfigurationList = 16CD2DA1248037D000FD623A /* Build configuration list for PBXNativeTarget "CheckWeatherTests" */;
			buildPhases = (
				357F3800A3346D7833B8C9E0 /* [CP] Check Pods Manifest.lock */,
				16CD2D91248037D000FD623A /* Sources */,
				16CD2D92248037D000FD623A /* Frameworks */,
				16CD2D93248037D000FD623A /* Resources */,
				A388AD85479DEF6A599E196F /* [CP] Embed Pods Frameworks */,
			);
			buildRules = (
			);
			dependencies = (
				16CD2D97248037D000FD623A /* PBXTargetDependency */,
			);
			name = CheckWeatherTests;
			productName = CheckWeatherTests;
			productReference = 16CD2D95248037D000FD623A /* CheckWeatherTests.xctest */;
			productType = "com.apple.product-type.bundle.unit-test";
		};
/* End PBXNativeTarget section */

/* Begin PBXProject section */
		16CD2D77248037CE00FD623A /* Project object */ = {
			isa = PBXProject;
			attributes = {
				LastSwiftUpdateCheck = 1140;
				LastUpgradeCheck = 1140;
				ORGANIZATIONNAME = "Marcin Rainka";
				TargetAttributes = {
					16CD2D7E248037CE00FD623A = {
						CreatedOnToolsVersion = 11.4.1;
					};
					16CD2D94248037D000FD623A = {
						CreatedOnToolsVersion = 11.4.1;
						TestTargetID = 16CD2D7E248037CE00FD623A;
					};
				};
			};
			buildConfigurationList = 16CD2D7A248037CE00FD623A /* Build configuration list for PBXProject "CheckWeather" */;
			compatibilityVersion = "Xcode 9.3";
			developmentRegion = en;
			hasScannedForEncodings = 0;
			knownRegions = (
				en,
				Base,
			);
			mainGroup = 16CD2D76248037CE00FD623A;
			productRefGroup = 16CD2D80248037CE00FD623A /* Products */;
			projectDirPath = "";
			projectRoot = "";
			targets = (
				16CD2D7E248037CE00FD623A /* CheckWeather */,
				16CD2D94248037D000FD623A /* CheckWeatherTests */,
			);
		};
/* End PBXProject section */

/* Begin PBXResourcesBuildPhase section */
		16CD2D7D248037CE00FD623A /* Resources */ = {
			isa = PBXResourcesBuildPhase;
			buildActionMask = 2147483647;
			files = (
				16CD2D8F248037D000FD623A /* LaunchScreen.storyboard in Resources */,
				16CD2D8C248037D000FD623A /* Assets.xcassets in Resources */,
			);
			runOnlyForDeploymentPostprocessing = 0;
		};
		16CD2D93248037D000FD623A /* Resources */ = {
			isa = PBXResourcesBuildPhase;
			buildActionMask = 2147483647;
			files = (
			);
			runOnlyForDeploymentPostprocessing = 0;
		};
/* End PBXResourcesBuildPhase section */

/* Begin PBXShellScriptBuildPhase section */
		0DEE25CEA487BE2B571D0B71 /* [CP] Check Pods Manifest.lock */ = {
			isa = PBXShellScriptBuildPhase;
			buildActionMask = 2147483647;
			files = (
			);
			inputFileListPaths = (
			);
			inputPaths = (
				"${PODS_PODFILE_DIR_PATH}/Podfile.lock",
				"${PODS_ROOT}/Manifest.lock",
			);
			name = "[CP] Check Pods Manifest.lock";
			outputFileListPaths = (
			);
			outputPaths = (
				"$(DERIVED_FILE_DIR)/Pods-CheckWeather-checkManifestLockResult.txt",
			);
			runOnlyForDeploymentPostprocessing = 0;
			shellPath = /bin/sh;
			shellScript = "diff \"${PODS_PODFILE_DIR_PATH}/Podfile.lock\" \"${PODS_ROOT}/Manifest.lock\" > /dev/null\nif [ $? != 0 ] ; then\n    # print error to STDERR\n    echo \"error: The sandbox is not in sync with the Podfile.lock. Run 'pod install' or update your CocoaPods installation.\" >&2\n    exit 1\nfi\n# This output is used by Xcode 'outputs' to avoid re-running this script phase.\necho \"SUCCESS\" > \"${SCRIPT_OUTPUT_FILE_0}\"\n";
			showEnvVarsInLog = 0;
		};
		33B6D69978DA19962F374369 /* [CP] Embed Pods Frameworks */ = {
			isa = PBXShellScriptBuildPhase;
			buildActionMask = 2147483647;
			files = (
			);
			inputFileListPaths = (
				"${PODS_ROOT}/Target Support Files/Pods-CheckWeather/Pods-CheckWeather-frameworks-${CONFIGURATION}-input-files.xcfilelist",
			);
			name = "[CP] Embed Pods Frameworks";
			outputFileListPaths = (
				"${PODS_ROOT}/Target Support Files/Pods-CheckWeather/Pods-CheckWeather-frameworks-${CONFIGURATION}-output-files.xcfilelist",
			);
			runOnlyForDeploymentPostprocessing = 0;
			shellPath = /bin/sh;
			shellScript = "\"${PODS_ROOT}/Target Support Files/Pods-CheckWeather/Pods-CheckWeather-frameworks.sh\"\n";
			showEnvVarsInLog = 0;
		};
		357F3800A3346D7833B8C9E0 /* [CP] Check Pods Manifest.lock */ = {
			isa = PBXShellScriptBuildPhase;
			buildActionMask = 2147483647;
			files = (
			);
			inputFileListPaths = (
			);
			inputPaths = (
				"${PODS_PODFILE_DIR_PATH}/Podfile.lock",
				"${PODS_ROOT}/Manifest.lock",
			);
			name = "[CP] Check Pods Manifest.lock";
			outputFileListPaths = (
			);
			outputPaths = (
				"$(DERIVED_FILE_DIR)/Pods-CheckWeatherTests-checkManifestLockResult.txt",
			);
			runOnlyForDeploymentPostprocessing = 0;
			shellPath = /bin/sh;
			shellScript = "diff \"${PODS_PODFILE_DIR_PATH}/Podfile.lock\" \"${PODS_ROOT}/Manifest.lock\" > /dev/null\nif [ $? != 0 ] ; then\n    # print error to STDERR\n    echo \"error: The sandbox is not in sync with the Podfile.lock. Run 'pod install' or update your CocoaPods installation.\" >&2\n    exit 1\nfi\n# This output is used by Xcode 'outputs' to avoid re-running this script phase.\necho \"SUCCESS\" > \"${SCRIPT_OUTPUT_FILE_0}\"\n";
			showEnvVarsInLog = 0;
		};
		A388AD85479DEF6A599E196F /* [CP] Embed Pods Frameworks */ = {
			isa = PBXShellScriptBuildPhase;
			buildActionMask = 2147483647;
			files = (
			);
			inputFileListPaths = (
				"${PODS_ROOT}/Target Support Files/Pods-CheckWeatherTests/Pods-CheckWeatherTests-frameworks-${CONFIGURATION}-input-files.xcfilelist",
			);
			name = "[CP] Embed Pods Frameworks";
			outputFileListPaths = (
				"${PODS_ROOT}/Target Support Files/Pods-CheckWeatherTests/Pods-CheckWeatherTests-frameworks-${CONFIGURATION}-output-files.xcfilelist",
			);
			runOnlyForDeploymentPostprocessing = 0;
			shellPath = /bin/sh;
			shellScript = "\"${PODS_ROOT}/Target Support Files/Pods-CheckWeatherTests/Pods-CheckWeatherTests-frameworks.sh\"\n";
			showEnvVarsInLog = 0;
		};
/* End PBXShellScriptBuildPhase section */

/* Begin PBXSourcesBuildPhase section */
		16CD2D7B248037CE00FD623A /* Sources */ = {
			isa = PBXSourcesBuildPhase;
			buildActionMask = 2147483647;
			files = (
				16D91F7C2480D1B900E66D15 /* Unit.swift in Sources */,
				160E02BA2481559F002F48C5 /* WeatherSpecification.swift in Sources */,
				168C5F122482919900324764 /* TemperatureViewModel.swift in Sources */,
				168C5F0B248290BE00324764 /* CityListRepositories.swift in Sources */,
				16595E5A24817A000019517A /* CityCell.swift in Sources */,
				160E02B424815459002F48C5 /* WeatherCodingKeys.swift in Sources */,
				161B19AF248166F9005DDE51 /* Cache.swift in Sources */,
				1614653F24827C4100180EE6 /* WeatherView.swift in Sources */,
				168C5F102482916000324764 /* MaxMinTemperatureView.swift in Sources */,
				1614653D248274F000180EE6 /* TemperatureView.swift in Sources */,
				168C5F0424828FC300324764 /* WeatherViewModel.swift in Sources */,
				161B19AD24815C13005DDE51 /* CacheStatus.swift in Sources */,
				168C5F0224828F8500324764 /* WeatherRepositories.swift in Sources */,
				16D91F772480CC5900E66D15 /* APIRoute.swift in Sources */,
				16595E432481712E0019517A /* CustomViewController.swift in Sources */,
				16595E41248171040019517A /* CustomView.swift in Sources */,
				160E02B8248154CC002F48C5 /* WeatherMainContainerGetting.swift in Sources */,
				16652D5D2482520D00583E15 /* UnitViewModel.swift in Sources */,
				16D91F892480D7CF00E66D15 /* Weather.swift in Sources */,
				16595E4D248173D60019517A /* CityListViewController.swift in Sources */,
				16D91F852480D55800E66D15 /* NetworkSpecification.swift in Sources */,
				16D91F872480D61E00E66D15 /* RepositoryError.swift in Sources */,
				16D91F7F2480D39B00E66D15 /* Specification.swift in Sources */,
				16D91F832480D4D500E66D15 /* NetworkRepository.swift in Sources */,
				16595E48248172220019517A /* CellReusing.swift in Sources */,
				160E02B624815486002F48C5 /* Temperature.swift in Sources */,
				16595E45248171930019517A /* CustomViewContaining.swift in Sources */,
				16F529C1248248EE00E79FCA /* UnitSpecification.swift in Sources */,
				168C5F0E2482913200324764 /* MaxMinTemperatureViewModel.swift in Sources */,
				16932B812482328B001FED95 /* CheckWeather.xcdatamodeld in Sources */,
				160ED2C72482293B001A9875 /* Cities.swift in Sources */,
				16D91F812480D42E00E66D15 /* AnyRepository.swift in Sources */,
				1643CC1A24817069008D969C /* CityListView.swift in Sources */,
				16595E582481785F0019517A /* UITableViewCellRegisteringAndDequeuing.swift in Sources */,
				16CD2D83248037CE00FD623A /* AppDelegate.swift in Sources */,
				16595E4F2481740A0019517A /* CityListViewModel.swift in Sources */,
				16F529BF248246DB00E79FCA /* UnitCoreDataRepository.swift in Sources */,
				168C5F072482901500324764 /* WeatherViewController.swift in Sources */,
				16595E4A248172B50019517A /* WithModelConfiguring.swift in Sources */,
				168C5F092482906900324764 /* Repositories.swift in Sources */,
				16595E512481766F0019517A /* City.swift in Sources */,
				16595E53248176DF0019517A /* CityViewModel.swift in Sources */,
				16D91F7A2480D01400E66D15 /* Repository.swift in Sources */,
			);
			runOnlyForDeploymentPostprocessing = 0;
		};
		16CD2D91248037D000FD623A /* Sources */ = {
			isa = PBXSourcesBuildPhase;
			buildActionMask = 2147483647;
			files = (
				16652D61248254A000583E15 /* UnitViewModelTests.swift in Sources */,
				16652D5F2482539400583E15 /* RepositoryMock.swift in Sources */,
			);
			runOnlyForDeploymentPostprocessing = 0;
		};
/* End PBXSourcesBuildPhase section */

/* Begin PBXTargetDependency section */
		16CD2D97248037D000FD623A /* PBXTargetDependency */ = {
			isa = PBXTargetDependency;
			target = 16CD2D7E248037CE00FD623A /* CheckWeather */;
			targetProxy = 16CD2D96248037D000FD623A /* PBXContainerItemProxy */;
		};
/* End PBXTargetDependency section */

/* Begin PBXVariantGroup section */
		16CD2D8D248037D000FD623A /* LaunchScreen.storyboard */ = {
			isa = PBXVariantGroup;
			children = (
				16CD2D8E248037D000FD623A /* Base */,
			);
			name = LaunchScreen.storyboard;
			sourceTree = "<group>";
		};
/* End PBXVariantGroup section */

/* Begin XCBuildConfiguration section */
		16CD2D9C248037D000FD623A /* Debug */ = {
			isa = XCBuildConfiguration;
			buildSettings = {
				ALWAYS_SEARCH_USER_PATHS = NO;
				CLANG_ANALYZER_NONNULL = YES;
				CLANG_ANALYZER_NUMBER_OBJECT_CONVERSION = YES_AGGRESSIVE;
				CLANG_CXX_LANGUAGE_STANDARD = "gnu++14";
				CLANG_CXX_LIBRARY = "libc++";
				CLANG_ENABLE_MODULES = YES;
				CLANG_ENABLE_OBJC_ARC = YES;
				CLANG_ENABLE_OBJC_WEAK = YES;
				CLANG_WARN_BLOCK_CAPTURE_AUTORELEASING = YES;
				CLANG_WARN_BOOL_CONVERSION = YES;
				CLANG_WARN_COMMA = YES;
				CLANG_WARN_CONSTANT_CONVERSION = YES;
				CLANG_WARN_DEPRECATED_OBJC_IMPLEMENTATIONS = YES;
				CLANG_WARN_DIRECT_OBJC_ISA_USAGE = YES_ERROR;
				CLANG_WARN_DOCUMENTATION_COMMENTS = YES;
				CLANG_WARN_EMPTY_BODY = YES;
				CLANG_WARN_ENUM_CONVERSION = YES;
				CLANG_WARN_INFINITE_RECURSION = YES;
				CLANG_WARN_INT_CONVERSION = YES;
				CLANG_WARN_NON_LITERAL_NULL_CONVERSION = YES;
				CLANG_WARN_OBJC_IMPLICIT_RETAIN_SELF = YES;
				CLANG_WARN_OBJC_LITERAL_CONVERSION = YES;
				CLANG_WARN_OBJC_ROOT_CLASS = YES_ERROR;
				CLANG_WARN_RANGE_LOOP_ANALYSIS = YES;
				CLANG_WARN_STRICT_PROTOTYPES = YES;
				CLANG_WARN_SUSPICIOUS_MOVE = YES;
				CLANG_WARN_UNGUARDED_AVAILABILITY = YES_AGGRESSIVE;
				CLANG_WARN_UNREACHABLE_CODE = YES;
				CLANG_WARN__DUPLICATE_METHOD_MATCH = YES;
				COPY_PHASE_STRIP = NO;
				DEBUG_INFORMATION_FORMAT = dwarf;
				ENABLE_STRICT_OBJC_MSGSEND = YES;
				ENABLE_TESTABILITY = YES;
				GCC_C_LANGUAGE_STANDARD = gnu11;
				GCC_DYNAMIC_NO_PIC = NO;
				GCC_NO_COMMON_BLOCKS = YES;
				GCC_OPTIMIZATION_LEVEL = 0;
				GCC_PREPROCESSOR_DEFINITIONS = (
					"DEBUG=1",
					"$(inherited)",
				);
				GCC_WARN_64_TO_32_BIT_CONVERSION = YES;
				GCC_WARN_ABOUT_RETURN_TYPE = YES_ERROR;
				GCC_WARN_UNDECLARED_SELECTOR = YES;
				GCC_WARN_UNINITIALIZED_AUTOS = YES_AGGRESSIVE;
				GCC_WARN_UNUSED_FUNCTION = YES;
				GCC_WARN_UNUSED_VARIABLE = YES;
				IPHONEOS_DEPLOYMENT_TARGET = 13.4;
				MTL_ENABLE_DEBUG_INFO = INCLUDE_SOURCE;
				MTL_FAST_MATH = YES;
				ONLY_ACTIVE_ARCH = YES;
				SDKROOT = iphoneos;
				SWIFT_ACTIVE_COMPILATION_CONDITIONS = DEBUG;
				SWIFT_OPTIMIZATION_LEVEL = "-Onone";
			};
			name = Debug;
		};
		16CD2D9D248037D000FD623A /* Release */ = {
			isa = XCBuildConfiguration;
			buildSettings = {
				ALWAYS_SEARCH_USER_PATHS = NO;
				CLANG_ANALYZER_NONNULL = YES;
				CLANG_ANALYZER_NUMBER_OBJECT_CONVERSION = YES_AGGRESSIVE;
				CLANG_CXX_LANGUAGE_STANDARD = "gnu++14";
				CLANG_CXX_LIBRARY = "libc++";
				CLANG_ENABLE_MODULES = YES;
				CLANG_ENABLE_OBJC_ARC = YES;
				CLANG_ENABLE_OBJC_WEAK = YES;
				CLANG_WARN_BLOCK_CAPTURE_AUTORELEASING = YES;
				CLANG_WARN_BOOL_CONVERSION = YES;
				CLANG_WARN_COMMA = YES;
				CLANG_WARN_CONSTANT_CONVERSION = YES;
				CLANG_WARN_DEPRECATED_OBJC_IMPLEMENTATIONS = YES;
				CLANG_WARN_DIRECT_OBJC_ISA_USAGE = YES_ERROR;
				CLANG_WARN_DOCUMENTATION_COMMENTS = YES;
				CLANG_WARN_EMPTY_BODY = YES;
				CLANG_WARN_ENUM_CONVERSION = YES;
				CLANG_WARN_INFINITE_RECURSION = YES;
				CLANG_WARN_INT_CONVERSION = YES;
				CLANG_WARN_NON_LITERAL_NULL_CONVERSION = YES;
				CLANG_WARN_OBJC_IMPLICIT_RETAIN_SELF = YES;
				CLANG_WARN_OBJC_LITERAL_CONVERSION = YES;
				CLANG_WARN_OBJC_ROOT_CLASS = YES_ERROR;
				CLANG_WARN_RANGE_LOOP_ANALYSIS = YES;
				CLANG_WARN_STRICT_PROTOTYPES = YES;
				CLANG_WARN_SUSPICIOUS_MOVE = YES;
				CLANG_WARN_UNGUARDED_AVAILABILITY = YES_AGGRESSIVE;
				CLANG_WARN_UNREACHABLE_CODE = YES;
				CLANG_WARN__DUPLICATE_METHOD_MATCH = YES;
				COPY_PHASE_STRIP = NO;
				DEBUG_INFORMATION_FORMAT = "dwarf-with-dsym";
				ENABLE_NS_ASSERTIONS = NO;
				ENABLE_STRICT_OBJC_MSGSEND = YES;
				GCC_C_LANGUAGE_STANDARD = gnu11;
				GCC_NO_COMMON_BLOCKS = YES;
				GCC_WARN_64_TO_32_BIT_CONVERSION = YES;
				GCC_WARN_ABOUT_RETURN_TYPE = YES_ERROR;
				GCC_WARN_UNDECLARED_SELECTOR = YES;
				GCC_WARN_UNINITIALIZED_AUTOS = YES_AGGRESSIVE;
				GCC_WARN_UNUSED_FUNCTION = YES;
				GCC_WARN_UNUSED_VARIABLE = YES;
				IPHONEOS_DEPLOYMENT_TARGET = 13.4;
				MTL_ENABLE_DEBUG_INFO = NO;
				MTL_FAST_MATH = YES;
				SDKROOT = iphoneos;
				SWIFT_COMPILATION_MODE = wholemodule;
				SWIFT_OPTIMIZATION_LEVEL = "-O";
				VALIDATE_PRODUCT = YES;
			};
			name = Release;
		};
		16CD2D9F248037D000FD623A /* Debug */ = {
			isa = XCBuildConfiguration;
			baseConfigurationReference = EB7C31D477EEAB960F862858 /* Pods-CheckWeather.debug.xcconfig */;
			buildSettings = {
				ASSETCATALOG_COMPILER_APPICON_NAME = AppIcon;
				CODE_SIGN_STYLE = Automatic;
				DEVELOPMENT_TEAM = 4SBXCK5YYV;
				INFOPLIST_FILE = CheckWeather/Info.plist;
				LD_RUNPATH_SEARCH_PATHS = (
					"$(inherited)",
					"@executable_path/Frameworks",
				);
				PRODUCT_BUNDLE_IDENTIFIER = com.rainka.marcin.CheckWeather;
				PRODUCT_NAME = "$(TARGET_NAME)";
				SWIFT_VERSION = 5.0;
				TARGETED_DEVICE_FAMILY = "1,2";
			};
			name = Debug;
		};
		16CD2DA0248037D000FD623A /* Release */ = {
			isa = XCBuildConfiguration;
			baseConfigurationReference = BD9F761C0E78AD7227FAF9DE /* Pods-CheckWeather.release.xcconfig */;
			buildSettings = {
				ASSETCATALOG_COMPILER_APPICON_NAME = AppIcon;
				CODE_SIGN_STYLE = Automatic;
				DEVELOPMENT_TEAM = 4SBXCK5YYV;
				INFOPLIST_FILE = CheckWeather/Info.plist;
				LD_RUNPATH_SEARCH_PATHS = (
					"$(inherited)",
					"@executable_path/Frameworks",
				);
				PRODUCT_BUNDLE_IDENTIFIER = com.rainka.marcin.CheckWeather;
				PRODUCT_NAME = "$(TARGET_NAME)";
				SWIFT_VERSION = 5.0;
				TARGETED_DEVICE_FAMILY = "1,2";
			};
			name = Release;
		};
		16CD2DA2248037D000FD623A /* Debug */ = {
			isa = XCBuildConfiguration;
			baseConfigurationReference = C963FB6132C18558552AE4FA /* Pods-CheckWeatherTests.debug.xcconfig */;
			buildSettings = {
				ALWAYS_EMBED_SWIFT_STANDARD_LIBRARIES = "$(inherited)";
				BUNDLE_LOADER = "$(TEST_HOST)";
				CODE_SIGN_STYLE = Automatic;
				DEVELOPMENT_TEAM = 4SBXCK5YYV;
				INFOPLIST_FILE = CheckWeatherTests/Info.plist;
				IPHONEOS_DEPLOYMENT_TARGET = 13.4;
				LD_RUNPATH_SEARCH_PATHS = (
					"$(inherited)",
					"@executable_path/Frameworks",
					"@loader_path/Frameworks",
				);
				PRODUCT_BUNDLE_IDENTIFIER = com.rainka.marcin.CheckWeatherTests;
				PRODUCT_NAME = "$(TARGET_NAME)";
				SWIFT_VERSION = 5.0;
				TARGETED_DEVICE_FAMILY = "1,2";
				TEST_HOST = "$(BUILT_PRODUCTS_DIR)/CheckWeather.app/CheckWeather";
			};
			name = Debug;
		};
		16CD2DA3248037D000FD623A /* Release */ = {
			isa = XCBuildConfiguration;
			baseConfigurationReference = 94B18737D429A53D733FE1D0 /* Pods-CheckWeatherTests.release.xcconfig */;
			buildSettings = {
				ALWAYS_EMBED_SWIFT_STANDARD_LIBRARIES = "$(inherited)";
				BUNDLE_LOADER = "$(TEST_HOST)";
				CODE_SIGN_STYLE = Automatic;
				DEVELOPMENT_TEAM = 4SBXCK5YYV;
				INFOPLIST_FILE = CheckWeatherTests/Info.plist;
				IPHONEOS_DEPLOYMENT_TARGET = 13.4;
				LD_RUNPATH_SEARCH_PATHS = (
					"$(inherited)",
					"@executable_path/Frameworks",
					"@loader_path/Frameworks",
				);
				PRODUCT_BUNDLE_IDENTIFIER = com.rainka.marcin.CheckWeatherTests;
				PRODUCT_NAME = "$(TARGET_NAME)";
				SWIFT_VERSION = 5.0;
				TARGETED_DEVICE_FAMILY = "1,2";
				TEST_HOST = "$(BUILT_PRODUCTS_DIR)/CheckWeather.app/CheckWeather";
			};
			name = Release;
		};
/* End XCBuildConfiguration section */

/* Begin XCConfigurationList section */
		16CD2D7A248037CE00FD623A /* Build configuration list for PBXProject "CheckWeather" */ = {
			isa = XCConfigurationList;
			buildConfigurations = (
				16CD2D9C248037D000FD623A /* Debug */,
				16CD2D9D248037D000FD623A /* Release */,
			);
			defaultConfigurationIsVisible = 0;
			defaultConfigurationName = Release;
		};
		16CD2D9E248037D000FD623A /* Build configuration list for PBXNativeTarget "CheckWeather" */ = {
			isa = XCConfigurationList;
			buildConfigurations = (
				16CD2D9F248037D000FD623A /* Debug */,
				16CD2DA0248037D000FD623A /* Release */,
			);
			defaultConfigurationIsVisible = 0;
			defaultConfigurationName = Release;
		};
		16CD2DA1248037D000FD623A /* Build configuration list for PBXNativeTarget "CheckWeatherTests" */ = {
			isa = XCConfigurationList;
			buildConfigurations = (
				16CD2DA2248037D000FD623A /* Debug */,
				16CD2DA3248037D000FD623A /* Release */,
			);
			defaultConfigurationIsVisible = 0;
			defaultConfigurationName = Release;
		};
/* End XCConfigurationList section */

/* Begin XCVersionGroup section */
		16932B7F2482328B001FED95 /* CheckWeather.xcdatamodeld */ = {
			isa = XCVersionGroup;
			children = (
				16932B802482328B001FED95 /* CheckWeather.xcdatamodel */,
			);
			currentVersion = 16932B802482328B001FED95 /* CheckWeather.xcdatamodel */;
			path = CheckWeather.xcdatamodeld;
			sourceTree = "<group>";
			versionGroupType = wrapper.xcdatamodel;
		};
/* End XCVersionGroup section */
	};
	rootObject = 16CD2D77248037CE00FD623A /* Project object */;
}
